
Microsoft Visual Studio Solution File, Format Version 12.00
# Visual Studio 2012
Project("{8BC9CEB8-8B4A-11D0-8D11-00A0C91BC942}") = "Showcase3", "Showcase3\Showcase3.vcxproj", "{79E863F1-CDB3-477B-B1C5-E9AA9B00D6BB}"
EndProject
Global
	GlobalSection(SolutionConfigurationPlatforms) = preSolution
		Debug|x64 = Debug|x64
		Debug|x86 = Debug|x86
		Release|x64 = Release|x64
		Release|x86 = Release|x86
	EndGlobalSection
	GlobalSection(ProjectConfigurationPlatforms) = postSolution
		{79E863F1-CDB3-477B-B1C5-E9AA9B00D6BB}.Debug|x64.ActiveCfg = Debug|x64
		{79E863F1-CDB3-477B-B1C5-E9AA9B00D6BB}.Debug|x64.Build.0 = Debug|x64
		{79E863F1-CDB3-477B-B1C5-E9AA9B00D6BB}.Debug|x86.ActiveCfg = Debug|Win32
		{79E863F1-CDB3-477B-B1C5-E9AA9B00D6BB}.Debug|x86.Build.0 = Debug|Win32
		{79E863F1-CDB3-477B-B1C5-E9AA9B00D6BB}.Release|x64.ActiveCfg = Release|x64
		{79E863F1-CDB3-477B-B1C5-E9AA9B00D6BB}.Release|x64.Build.0 = Release|x64
		{79E863F1-CDB3-477B-B1C5-E9AA9B00D6BB}.Release|x86.ActiveCfg = Release|Win32
		{79E863F1-CDB3-477B-B1C5-E9AA9B00D6BB}.Release|x86.Build.0 = Release|Win32
	EndGlobalSection
	GlobalSection(SolutionProperties) = preSolution
		HideSolutionNode = FALSE
	EndGlobalSection
EndGlobal
